<?xml version="1.0" encoding="utf-8"?>
<Project ToolsVersion="4.0" xmlns="http://schemas.microsoft.com/developer/msbuild/2003">
  <ItemGroup>
    <Filter Include="Source Files">
      <UniqueIdentifier>{4FC737F1-C7A5-4376-A066-2A32D752A2FF}</UniqueIdentifier>
      <Extensions>cpp;c;cc;cxx;c++;cppm;ixx;def;odl;idl;hpj;bat;asm;asmx</Extensions>
    </Filter>
    <Filter Include="Header Files">
      <UniqueIdentifier>{93995380-89BD-4b04-88EB-625FBE52EBFB}</UniqueIdentifier>
      <Extensions>h;hh;hpp;hxx;h++;hm;inl;inc;ipp;xsd</Extensions>
    </Filter>
    <Filter Include="Resource Files">
      <UniqueIdentifier>{67DA6AB6-F800-4c08-8B7A-83BB121AAD01}</UniqueIdentifier>
      <Extensions>rc;ico;cur;bmp;dlg;rc2;rct;bin;rgs;gif;jpg;jpeg;jpe;resx;tiff;tif;png;wav;mfcribbon-ms</Extensions>
    </Filter>
  </ItemGroup>
  <ItemGroup>
    <ClInclude Include="global.hpp">
      <Filter>Header Files</Filter>
    </ClInclude>
    <ClInclude Include="lib\cinnamon.h">
      <Filter>Header Files</Filter>
    </ClInclude>
    <ClInclude Include="incl\MinHook.h">
      <Filter>Header Files</Filter>
    </ClInclude>
    <ClInclude Include="incl\python\cpython\abstract.h">
      <Filter>Header Files</Filter>
    </ClInclude>
    <ClInclude Include="incl\python\cpython\bytearrayobject.h">
      <Filter>Header Files</Filter>
    </ClInclude>
    <ClInclude Include="incl\python\cpython\bytesobject.h">
      <Filter>Header Files</Filter>
    </ClInclude>
    <ClInclude Include="incl\python\cpython\ceval.h">
      <Filter>Header Files</Filter>
    </ClInclude>
    <ClInclude Include="incl\python\cpython\code.h">
      <Filter>Header Files</Filter>
    </ClInclude>
    <ClInclude Include="incl\python\cpython\dictobject.h">
      <Filter>Header Files</Filter>
    </ClInclude>
    <ClInclude Include="incl\python\cpython\fileobject.h">
      <Filter>Header Files</Filter>
    </ClInclude>
    <ClInclude Include="incl\python\cpython\fileutils.h">
      <Filter>Header Files</Filter>
    </ClInclude>
    <ClInclude Include="incl\python\cpython\frameobject.h">
      <Filter>Header Files</Filter>
    </ClInclude>
    <ClInclude Include="incl\python\cpython\import.h">
      <Filter>Header Files</Filter>
    </ClInclude>
    <ClInclude Include="incl\python\cpython\initconfig.h">
      <Filter>Header Files</Filter>
    </ClInclude>
    <ClInclude Include="incl\python\cpython\interpreteridobject.h">
      <Filter>Header Files</Filter>
    </ClInclude>
    <ClInclude Include="incl\python\cpython\listobject.h">
      <Filter>Header Files</Filter>
    </ClInclude>
    <ClInclude Include="incl\python\cpython\methodobject.h">
      <Filter>Header Files</Filter>
    </ClInclude>
    <ClInclude Include="incl\python\cpython\object.h">
      <Filter>Header Files</Filter>
    </ClInclude>
    <ClInclude Include="incl\python\cpython\objimpl.h">
      <Filter>Header Files</Filter>
    </ClInclude>
    <ClInclude Include="incl\python\cpython\pyerrors.h">
      <Filter>Header Files</Filter>
    </ClInclude>
    <ClInclude Include="incl\python\cpython\pylifecycle.h">
      <Filter>Header Files</Filter>
    </ClInclude>
    <ClInclude Include="incl\python\cpython\pymem.h">
      <Filter>Header Files</Filter>
    </ClInclude>
    <ClInclude Include="incl\python\cpython\pystate.h">
      <Filter>Header Files</Filter>
    </ClInclude>
    <ClInclude Include="incl\python\cpython\sysmodule.h">
      <Filter>Header Files</Filter>
    </ClInclude>
    <ClInclude Include="incl\python\cpython\traceback.h">
      <Filter>Header Files</Filter>
    </ClInclude>
    <ClInclude Include="incl\python\cpython\tupleobject.h">
      <Filter>Header Files</Filter>
    </ClInclude>
    <ClInclude Include="incl\python\cpython\unicodeobject.h">
      <Filter>Header Files</Filter>
    </ClInclude>
    <ClInclude Include="incl\python\internal\pegen_interface.h">
      <Filter>Header Files</Filter>
    </ClInclude>
    <ClInclude Include="incl\python\internal\pycore_abstract.h">
      <Filter>Header Files</Filter>
    </ClInclude>
    <ClInclude Include="incl\python\internal\pycore_accu.h">
      <Filter>Header Files</Filter>
    </ClInclude>
    <ClInclude Include="incl\python\internal\pycore_atomic.h">
      <Filter>Header Files</Filter>
    </ClInclude>
    <ClInclude Include="incl\python\internal\pycore_bytes_methods.h">
      <Filter>Header Files</Filter>
    </ClInclude>
    <ClInclude Include="incl\python\internal\pycore_byteswap.h">
      <Filter>Header Files</Filter>
    </ClInclude>
    <ClInclude Include="incl\python\internal\pycore_call.h">
      <Filter>Header Files</Filter>
    </ClInclude>
    <ClInclude Include="incl\python\internal\pycore_ceval.h">
      <Filter>Header Files</Filter>
    </ClInclude>
    <ClInclude Include="incl\python\internal\pycore_code.h">
      <Filter>Header Files</Filter>
    </ClInclude>
    <ClInclude Include="incl\python\internal\pycore_condvar.h">
      <Filter>Header Files</Filter>
    </ClInclude>
    <ClInclude Include="incl\python\internal\pycore_context.h">
      <Filter>Header Files</Filter>
    </ClInclude>
    <ClInclude Include="incl\python\internal\pycore_dtoa.h">
      <Filter>Header Files</Filter>
    </ClInclude>
    <ClInclude Include="incl\python\internal\pycore_fileutils.h">
      <Filter>Header Files</Filter>
    </ClInclude>
    <ClInclude Include="incl\python\internal\pycore_gc.h">
      <Filter>Header Files</Filter>
    </ClInclude>
    <ClInclude Include="incl\python\internal\pycore_getopt.h">
      <Filter>Header Files</Filter>
    </ClInclude>
    <ClInclude Include="incl\python\internal\pycore_gil.h">
      <Filter>Header Files</Filter>
    </ClInclude>
    <ClInclude Include="incl\python\internal\pycore_hamt.h">
      <Filter>Header Files</Filter>
    </ClInclude>
    <ClInclude Include="incl\python\internal\pycore_hashtable.h">
      <Filter>Header Files</Filter>
    </ClInclude>
    <ClInclude Include="incl\python\internal\pycore_import.h">
      <Filter>Header Files</Filter>
    </ClInclude>
    <ClInclude Include="incl\python\internal\pycore_initconfig.h">
      <Filter>Header Files</Filter>
    </ClInclude>
    <ClInclude Include="incl\python\internal\pycore_interp.h">
      <Filter>Header Files</Filter>
    </ClInclude>
    <ClInclude Include="incl\python\internal\pycore_object.h">
      <Filter>Header Files</Filter>
    </ClInclude>
    <ClInclude Include="incl\python\internal\pycore_pathconfig.h">
      <Filter>Header Files</Filter>
    </ClInclude>
    <ClInclude Include="incl\python\internal\pycore_pyerrors.h">
      <Filter>Header Files</Filter>
    </ClInclude>
    <ClInclude Include="incl\python\internal\pycore_pyhash.h">
      <Filter>Header Files</Filter>
    </ClInclude>
    <ClInclude Include="incl\python\internal\pycore_pylifecycle.h">
      <Filter>Header Files</Filter>
    </ClInclude>
    <ClInclude Include="incl\python\internal\pycore_pymem.h">
      <Filter>Header Files</Filter>
    </ClInclude>
    <ClInclude Include="incl\python\internal\pycore_pystate.h">
      <Filter>Header Files</Filter>
    </ClInclude>
    <ClInclude Include="incl\python\internal\pycore_runtime.h">
      <Filter>Header Files</Filter>
    </ClInclude>
    <ClInclude Include="incl\python\internal\pycore_sysmodule.h">
      <Filter>Header Files</Filter>
    </ClInclude>
    <ClInclude Include="incl\python\internal\pycore_traceback.h">
      <Filter>Header Files</Filter>
    </ClInclude>
    <ClInclude Include="incl\python\internal\pycore_tupleobject.h">
      <Filter>Header Files</Filter>
    </ClInclude>
    <ClInclude Include="incl\python\internal\pycore_warnings.h">
      <Filter>Header Files</Filter>
    </ClInclude>
    <ClInclude Include="incl\python\abstract.h">
      <Filter>Header Files</Filter>
    </ClInclude>
    <ClInclude Include="incl\python\asdl.h">
      <Filter>Header Files</Filter>
    </ClInclude>
    <ClInclude Include="incl\python\ast.h">
      <Filter>Header Files</Filter>
    </ClInclude>
    <ClInclude Include="incl\python\bitset.h">
      <Filter>Header Files</Filter>
    </ClInclude>
    <ClInclude Include="incl\python\bltinmodule.h">
      <Filter>Header Files</Filter>
    </ClInclude>
    <ClInclude Include="incl\python\boolobject.h">
      <Filter>Header Files</Filter>
    </ClInclude>
    <ClInclude Include="incl\python\bytearrayobject.h">
      <Filter>Header Files</Filter>
    </ClInclude>
    <ClInclude Include="incl\python\bytesobject.h">
      <Filter>Header Files</Filter>
    </ClInclude>
    <ClInclude Include="incl\python\cellobject.h">
      <Filter>Header Files</Filter>
    </ClInclude>
    <ClInclude Include="incl\python\ceval.h">
      <Filter>Header Files</Filter>
    </ClInclude>
    <ClInclude Include="incl\python\classobject.h">
      <Filter>Header Files</Filter>
    </ClInclude>
    <ClInclude Include="incl\python\code.h">
      <Filter>Header Files</Filter>
    </ClInclude>
    <ClInclude Include="incl\python\codecs.h">
      <Filter>Header Files</Filter>
    </ClInclude>
    <ClInclude Include="incl\python\compile.h">
      <Filter>Header Files</Filter>
    </ClInclude>
    <ClInclude Include="incl\python\complexobject.h">
      <Filter>Header Files</Filter>
    </ClInclude>
    <ClInclude Include="incl\python\context.h">
      <Filter>Header Files</Filter>
    </ClInclude>
    <ClInclude Include="incl\python\datetime.h">
      <Filter>Header Files</Filter>
    </ClInclude>
    <ClInclude Include="incl\python\descrobject.h">
      <Filter>Header Files</Filter>
    </ClInclude>
    <ClInclude Include="incl\python\dictobject.h">
      <Filter>Header Files</Filter>
    </ClInclude>
    <ClInclude Include="incl\python\dynamic_annotations.h">
      <Filter>Header Files</Filter>
    </ClInclude>
    <ClInclude Include="incl\python\enumobject.h">
      <Filter>Header Files</Filter>
    </ClInclude>
    <ClInclude Include="incl\python\errcode.h">
      <Filter>Header Files</Filter>
    </ClInclude>
    <ClInclude Include="incl\python\eval.h">
      <Filter>Header Files</Filter>
    </ClInclude>
    <ClInclude Include="incl\python\exports.h">
      <Filter>Header Files</Filter>
    </ClInclude>
    <ClInclude Include="incl\python\fileobject.h">
      <Filter>Header Files</Filter>
    </ClInclude>
    <ClInclude Include="incl\python\fileutils.h">
      <Filter>Header Files</Filter>
    </ClInclude>
    <ClInclude Include="incl\python\floatobject.h">
      <Filter>Header Files</Filter>
    </ClInclude>
    <ClInclude Include="incl\python\frameobject.h">
      <Filter>Header Files</Filter>
    </ClInclude>
    <ClInclude Include="incl\python\funcobject.h">
      <Filter>Header Files</Filter>
    </ClInclude>
    <ClInclude Include="incl\python\genericaliasobject.h">
      <Filter>Header Files</Filter>
    </ClInclude>
    <ClInclude Include="incl\python\genobject.h">
      <Filter>Header Files</Filter>
    </ClInclude>
    <ClInclude Include="incl\python\graminit.h">
      <Filter>Header Files</Filter>
    </ClInclude>
    <ClInclude Include="incl\python\grammar.h">
      <Filter>Header Files</Filter>
    </ClInclude>
    <ClInclude Include="incl\python\import.h">
      <Filter>Header Files</Filter>
    </ClInclude>
    <ClInclude Include="incl\python\interpreteridobject.h">
      <Filter>Header Files</Filter>
    </ClInclude>
    <ClInclude Include="incl\python\intrcheck.h">
      <Filter>Header Files</Filter>
    </ClInclude>
    <ClInclude Include="incl\python\iterobject.h">
      <Filter>Header Files</Filter>
    </ClInclude>
    <ClInclude Include="incl\python\listobject.h">
      <Filter>Header Files</Filter>
    </ClInclude>
    <ClInclude Include="incl\python\longintrepr.h">
      <Filter>Header Files</Filter>
    </ClInclude>
    <ClInclude Include="incl\python\longobject.h">
      <Filter>Header Files</Filter>
    </ClInclude>
    <ClInclude Include="incl\python\marshal.h">
      <Filter>Header Files</Filter>
    </ClInclude>
    <ClInclude Include="incl\python\memoryobject.h">
      <Filter>Header Files</Filter>
    </ClInclude>
    <ClInclude Include="incl\python\methodobject.h">
      <Filter>Header Files</Filter>
    </ClInclude>
    <ClInclude Include="incl\python\modsupport.h">
      <Filter>Header Files</Filter>
    </ClInclude>
    <ClInclude Include="incl\python\moduleobject.h">
      <Filter>Header Files</Filter>
    </ClInclude>
    <ClInclude Include="incl\python\namespaceobject.h">
      <Filter>Header Files</Filter>
    </ClInclude>
    <ClInclude Include="incl\python\node.h">
      <Filter>Header Files</Filter>
    </ClInclude>
    <ClInclude Include="incl\python\object.h">
      <Filter>Header Files</Filter>
    </ClInclude>
    <ClInclude Include="incl\python\objimpl.h">
      <Filter>Header Files</Filter>
    </ClInclude>
    <ClInclude Include="incl\python\odictobject.h">
      <Filter>Header Files</Filter>
    </ClInclude>
    <ClInclude Include="incl\python\opcode.h">
      <Filter>Header Files</Filter>
    </ClInclude>
    <ClInclude Include="incl\python\osdefs.h">
      <Filter>Header Files</Filter>
    </ClInclude>
    <ClInclude Include="incl\python\osmodule.h">
      <Filter>Header Files</Filter>
    </ClInclude>
    <ClInclude Include="incl\python\parsetok.h">
      <Filter>Header Files</Filter>
    </ClInclude>
    <ClInclude Include="incl\python\patchlevel.h">
      <Filter>Header Files</Filter>
    </ClInclude>
    <ClInclude Include="incl\python\picklebufobject.h">
      <Filter>Header Files</Filter>
    </ClInclude>
    <ClInclude Include="incl\python\py_curses.h">
      <Filter>Header Files</Filter>
    </ClInclude>
    <ClInclude Include="incl\python\pyarena.h">
      <Filter>Header Files</Filter>
    </ClInclude>
    <ClInclude Include="incl\python\pycapsule.h">
      <Filter>Header Files</Filter>
    </ClInclude>
    <ClInclude Include="incl\python\pyconfig.h">
      <Filter>Header Files</Filter>
    </ClInclude>
    <ClInclude Include="incl\python\pyctype.h">
      <Filter>Header Files</Filter>
    </ClInclude>
    <ClInclude Include="incl\python\pydebug.h">
      <Filter>Header Files</Filter>
    </ClInclude>
    <ClInclude Include="incl\python\pydtrace.h">
      <Filter>Header Files</Filter>
    </ClInclude>
    <ClInclude Include="incl\python\pyerrors.h">
      <Filter>Header Files</Filter>
    </ClInclude>
    <ClInclude Include="incl\python\pyexpat.h">
      <Filter>Header Files</Filter>
    </ClInclude>
    <ClInclude Include="incl\python\pyfpe.h">
      <Filter>Header Files</Filter>
    </ClInclude>
    <ClInclude Include="incl\python\pyframe.h">
      <Filter>Header Files</Filter>
    </ClInclude>
    <ClInclude Include="incl\python\pyhash.h">
      <Filter>Header Files</Filter>
    </ClInclude>
    <ClInclude Include="incl\python\pylifecycle.h">
      <Filter>Header Files</Filter>
    </ClInclude>
    <ClInclude Include="incl\python\pymacconfig.h">
      <Filter>Header Files</Filter>
    </ClInclude>
    <ClInclude Include="incl\python\pymacro.h">
      <Filter>Header Files</Filter>
    </ClInclude>
    <ClInclude Include="incl\python\pymath.h">
      <Filter>Header Files</Filter>
    </ClInclude>
    <ClInclude Include="incl\python\pymem.h">
      <Filter>Header Files</Filter>
    </ClInclude>
    <ClInclude Include="incl\python\pyport.h">
      <Filter>Header Files</Filter>
    </ClInclude>
    <ClInclude Include="incl\python\pystate.h">
      <Filter>Header Files</Filter>
    </ClInclude>
    <ClInclude Include="incl\python\pystrcmp.h">
      <Filter>Header Files</Filter>
    </ClInclude>
    <ClInclude Include="incl\python\pystrhex.h">
      <Filter>Header Files</Filter>
    </ClInclude>
    <ClInclude Include="incl\python\pystrtod.h">
      <Filter>Header Files</Filter>
    </ClInclude>
    <ClInclude Include="incl\python\Python.h">
      <Filter>Header Files</Filter>
    </ClInclude>
    <ClInclude Include="incl\python\Python-ast.h">
      <Filter>Header Files</Filter>
    </ClInclude>
    <ClInclude Include="incl\python\pythonrun.h">
      <Filter>Header Files</Filter>
    </ClInclude>
    <ClInclude Include="incl\python\pythread.h">
      <Filter>Header Files</Filter>
    </ClInclude>
    <ClInclude Include="incl\python\pytime.h">
      <Filter>Header Files</Filter>
    </ClInclude>
    <ClInclude Include="incl\python\rangeobject.h">
      <Filter>Header Files</Filter>
    </ClInclude>
    <ClInclude Include="incl\python\setobject.h">
      <Filter>Header Files</Filter>
    </ClInclude>
    <ClInclude Include="incl\python\sliceobject.h">
      <Filter>Header Files</Filter>
    </ClInclude>
    <ClInclude Include="incl\python\structmember.h">
      <Filter>Header Files</Filter>
    </ClInclude>
    <ClInclude Include="incl\python\structseq.h">
      <Filter>Header Files</Filter>
    </ClInclude>
    <ClInclude Include="incl\python\symtable.h">
      <Filter>Header Files</Filter>
    </ClInclude>
    <ClInclude Include="incl\python\sysmodule.h">
      <Filter>Header Files</Filter>
    </ClInclude>
    <ClInclude Include="incl\python\token.h">
      <Filter>Header Files</Filter>
    </ClInclude>
    <ClInclude Include="incl\python\traceback.h">
      <Filter>Header Files</Filter>
    </ClInclude>
    <ClInclude Include="incl\python\tracemalloc.h">
      <Filter>Header Files</Filter>
    </ClInclude>
    <ClInclude Include="incl\python\tupleobject.h">
      <Filter>Header Files</Filter>
    </ClInclude>
    <ClInclude Include="incl\python\typeslots.h">
      <Filter>Header Files</Filter>
    </ClInclude>
    <ClInclude Include="incl\python\ucnhash.h">
      <Filter>Header Files</Filter>
    </ClInclude>
    <ClInclude Include="incl\python\unicodeobject.h">
      <Filter>Header Files</Filter>
    </ClInclude>
    <ClInclude Include="incl\python\warnings.h">
      <Filter>Header Files</Filter>
    </ClInclude>
    <ClInclude Include="incl\python\weakrefobject.h">
      <Filter>Header Files</Filter>
    </ClInclude>
    <ClInclude Include="modules\fs.h">
      <Filter>Header Files</Filter>
    </ClInclude>
    <ClInclude Include="incl\fmt\chrono.h">
      <Filter>Header Files</Filter>
    </ClInclude>
    <ClInclude Include="incl\fmt\color.h">
      <Filter>Header Files</Filter>
    </ClInclude>
    <ClInclude Include="incl\fmt\compile.h">
      <Filter>Header Files</Filter>
    </ClInclude>
    <ClInclude Include="incl\fmt\core.h">
      <Filter>Header Files</Filter>
    </ClInclude>
    <ClInclude Include="incl\fmt\format.h">
      <Filter>Header Files</Filter>
    </ClInclude>
    <ClInclude Include="incl\fmt\format-inl.h">
      <Filter>Header Files</Filter>
    </ClInclude>
    <ClInclude Include="incl\fmt\locale.h">
      <Filter>Header Files</Filter>
    </ClInclude>
    <ClInclude Include="incl\fmt\os.h">
      <Filter>Header Files</Filter>
    </ClInclude>
    <ClInclude Include="incl\fmt\ostream.h">
      <Filter>Header Files</Filter>
    </ClInclude>
    <ClInclude Include="incl\fmt\posix.h">
      <Filter>Header Files</Filter>
    </ClInclude>
    <ClInclude Include="incl\fmt\printf.h">
      <Filter>Header Files</Filter>
    </ClInclude>
    <ClInclude Include="incl\fmt\ranges.h">
      <Filter>Header Files</Filter>
    </ClInclude>
    <ClInclude Include="incl\extensions\AssetsManager\AssetsManager.h">
      <Filter>Header Files</Filter>
    </ClInclude>
    <ClInclude Include="incl\extensions\CCBReader\CCBAnimationManager.h">
      <Filter>Header Files</Filter>
    </ClInclude>
    <ClInclude Include="incl\extensions\CCBReader\CCBFileLoader.h">
      <Filter>Header Files</Filter>
    </ClInclude>
    <ClInclude Include="incl\extensions\CCBReader\CCBKeyframe.h">
      <Filter>Header Files</Filter>
    </ClInclude>
    <ClInclude Include="incl\extensions\CCBReader\CCBMemberVariableAssigner.h">
      <Filter>Header Files</Filter>
    </ClInclude>
    <ClInclude Include="incl\extensions\CCBReader\CCBReader.h">
      <Filter>Header Files</Filter>
    </ClInclude>
    <ClInclude Include="incl\extensions\CCBReader\CCBSelectorResolver.h">
      <Filter>Header Files</Filter>
    </ClInclude>
    <ClInclude Include="incl\extensions\CCBReader\CCBSequence.h">
      <Filter>Header Files</Filter>
    </ClInclude>
    <ClInclude Include="incl\extensions\CCBReader\CCBSequenceProperty.h">
      <Filter>Header Files</Filter>
    </ClInclude>
    <ClInclude Include="incl\extensions\CCBReader\CCBValue.h">
      <Filter>Header Files</Filter>
    </ClInclude>
    <ClInclude Include="incl\extensions\CCBReader\CCControlButtonLoader.h">
      <Filter>Header Files</Filter>
    </ClInclude>
    <ClInclude Include="incl\extensions\CCBReader\CCControlLoader.h">
      <Filter>Header Files</Filter>
    </ClInclude>
    <ClInclude Include="incl\extensions\CCBReader\CCData.h">
      <Filter>Header Files</Filter>
    </ClInclude>
    <ClInclude Include="incl\extensions\CCBReader\CCLabelBMFontLoader.h">
      <Filter>Header Files</Filter>
    </ClInclude>
    <ClInclude Include="incl\extensions\CCBReader\CCLabelTTFLoader.h">
      <Filter>Header Files</Filter>
    </ClInclude>
    <ClInclude Include="incl\extensions\CCBReader\CCLayerColorLoader.h">
      <Filter>Header Files</Filter>
    </ClInclude>
    <ClInclude Include="incl\extensions\CCBReader\CCLayerGradientLoader.h">
      <Filter>Header Files</Filter>
    </ClInclude>
    <ClInclude Include="incl\extensions\CCBReader\CCLayerLoader.h">
      <Filter>Header Files</Filter>
    </ClInclude>
    <ClInclude Include="incl\extensions\CCBReader\CCMenuItemImageLoader.h">
      <Filter>Header Files</Filter>
    </ClInclude>
    <ClInclude Include="incl\extensions\CCBReader\CCMenuItemLoader.h">
      <Filter>Header Files</Filter>
    </ClInclude>
    <ClInclude Include="incl\extensions\CCBReader\CCMenuLoader.h">
      <Filter>Header Files</Filter>
    </ClInclude>
    <ClInclude Include="incl\extensions\CCBReader\CCNode+CCBRelativePositioning.h">
      <Filter>Header Files</Filter>
    </ClInclude>
    <ClInclude Include="incl\extensions\CCBReader\CCNodeLoader.h">
      <Filter>Header Files</Filter>
    </ClInclude>
    <ClInclude Include="incl\extensions\CCBReader\CCNodeLoaderLibrary.h">
      <Filter>Header Files</Filter>
    </ClInclude>
    <ClInclude Include="incl\extensions\CCBReader\CCNodeLoaderListener.h">
      <Filter>Header Files</Filter>
    </ClInclude>
    <ClInclude Include="incl\extensions\CCBReader\CCParticleSystemQuadLoader.h">
      <Filter>Header Files</Filter>
    </ClInclude>
    <ClInclude Include="incl\extensions\CCBReader\CCScale9SpriteLoader.h">
      <Filter>Header Files</Filter>
    </ClInclude>
    <ClInclude Include="incl\extensions\CCBReader\CCScrollViewLoader.h">
      <Filter>Header Files</Filter>
    </ClInclude>
    <ClInclude Include="incl\extensions\CCBReader\CCSpriteLoader.h">
      <Filter>Header Files</Filter>
    </ClInclude>
    <ClInclude Include="incl\extensions\CocoStudio\Action\CCActionEaseEx.h">
      <Filter>Header Files</Filter>
    </ClInclude>
    <ClInclude Include="incl\extensions\CocoStudio\Action\CCActionFrame.h">
      <Filter>Header Files</Filter>
    </ClInclude>
    <ClInclude Include="incl\extensions\CocoStudio\Action\CCActionFrameEasing.h">
      <Filter>Header Files</Filter>
    </ClInclude>
    <ClInclude Include="incl\extensions\CocoStudio\Action\CCActionManager.h">
      <Filter>Header Files</Filter>
    </ClInclude>
    <ClInclude Include="incl\extensions\CocoStudio\Action\CCActionNode.h">
      <Filter>Header Files</Filter>
    </ClInclude>
    <ClInclude Include="incl\extensions\CocoStudio\Action\CCActionObject.h">
      <Filter>Header Files</Filter>
    </ClInclude>
    <ClInclude Include="incl\extensions\CocoStudio\Armature\animation\CCArmatureAnimation.h">
      <Filter>Header Files</Filter>
    </ClInclude>
    <ClInclude Include="incl\extensions\CocoStudio\Armature\animation\CCProcessBase.h">
      <Filter>Header Files</Filter>
    </ClInclude>
    <ClInclude Include="incl\extensions\CocoStudio\Armature\animation\CCTween.h">
      <Filter>Header Files</Filter>
    </ClInclude>
    <ClInclude Include="incl\extensions\CocoStudio\Armature\datas\CCDatas.h">
      <Filter>Header Files</Filter>
    </ClInclude>
    <ClInclude Include="incl\extensions\CocoStudio\Armature\display\CCBatchNode.h">
      <Filter>Header Files</Filter>
    </ClInclude>
    <ClInclude Include="incl\extensions\CocoStudio\Armature\display\CCDecorativeDisplay.h">
      <Filter>Header Files</Filter>
    </ClInclude>
    <ClInclude Include="incl\extensions\CocoStudio\Armature\display\CCDisplayFactory.h">
      <Filter>Header Files</Filter>
    </ClInclude>
    <ClInclude Include="incl\extensions\CocoStudio\Armature\display\CCDisplayManager.h">
      <Filter>Header Files</Filter>
    </ClInclude>
    <ClInclude Include="incl\extensions\CocoStudio\Armature\display\CCSkin.h">
      <Filter>Header Files</Filter>
    </ClInclude>
    <ClInclude Include="incl\extensions\CocoStudio\Armature\external_tool\sigslot.h">
      <Filter>Header Files</Filter>
    </ClInclude>
    <ClInclude Include="incl\extensions\CocoStudio\Armature\physics\CCColliderDetector.h">
      <Filter>Header Files</Filter>
    </ClInclude>
    <ClInclude Include="incl\extensions\CocoStudio\Armature\utils\CCArmatureDataManager.h">
      <Filter>Header Files</Filter>
    </ClInclude>
    <ClInclude Include="incl\extensions\CocoStudio\Armature\utils\CCArmatureDefine.h">
      <Filter>Header Files</Filter>
    </ClInclude>
    <ClInclude Include="incl\extensions\CocoStudio\Armature\utils\CCDataReaderHelper.h">
      <Filter>Header Files</Filter>
    </ClInclude>
    <ClInclude Include="incl\extensions\CocoStudio\Armature\utils\CCSpriteFrameCacheHelper.h">
      <Filter>Header Files</Filter>
    </ClInclude>
    <ClInclude Include="incl\extensions\CocoStudio\Armature\utils\CCTransformHelp.h">
      <Filter>Header Files</Filter>
    </ClInclude>
    <ClInclude Include="incl\extensions\CocoStudio\Armature\utils\CCTweenFunction.h">
      <Filter>Header Files</Filter>
    </ClInclude>
    <ClInclude Include="incl\extensions\CocoStudio\Armature\utils\CCUtilMath.h">
      <Filter>Header Files</Filter>
    </ClInclude>
    <ClInclude Include="incl\extensions\CocoStudio\Armature\CCArmature.h">
      <Filter>Header Files</Filter>
    </ClInclude>
    <ClInclude Include="incl\extensions\CocoStudio\Armature\CCBone.h">
      <Filter>Header Files</Filter>
    </ClInclude>
    <ClInclude Include="incl\extensions\CocoStudio\Components\CCComAttribute.h">
      <Filter>Header Files</Filter>
    </ClInclude>
    <ClInclude Include="incl\extensions\CocoStudio\Components\CCComAudio.h">
      <Filter>Header Files</Filter>
    </ClInclude>
    <ClInclude Include="incl\extensions\CocoStudio\Components\CCComBase.h">
      <Filter>Header Files</Filter>
    </ClInclude>
    <ClInclude Include="incl\extensions\CocoStudio\Components\CCComController.h">
      <Filter>Header Files</Filter>
    </ClInclude>
    <ClInclude Include="incl\extensions\CocoStudio\Components\CCComRender.h">
      <Filter>Header Files</Filter>
    </ClInclude>
    <ClInclude Include="incl\extensions\CocoStudio\Components\CCInputDelegate.h">
      <Filter>Header Files</Filter>
    </ClInclude>
    <ClInclude Include="incl\extensions\CocoStudio\GUI\BaseClasses\UIWidget.h">
      <Filter>Header Files</Filter>
    </ClInclude>
    <ClInclude Include="incl\extensions\CocoStudio\GUI\Layouts\UILayout.h">
      <Filter>Header Files</Filter>
    </ClInclude>
    <ClInclude Include="incl\extensions\CocoStudio\GUI\Layouts\UILayoutDefine.h">
      <Filter>Header Files</Filter>
    </ClInclude>
    <ClInclude Include="incl\extensions\CocoStudio\GUI\Layouts\UILayoutParameter.h">
      <Filter>Header Files</Filter>
    </ClInclude>
    <ClInclude Include="incl\extensions\CocoStudio\GUI\System\CocosGUI.h">
      <Filter>Header Files</Filter>
    </ClInclude>
    <ClInclude Include="incl\extensions\CocoStudio\GUI\System\GUIDefine.h">
      <Filter>Header Files</Filter>
    </ClInclude>
    <ClInclude Include="incl\extensions\CocoStudio\GUI\System\UIHelper.h">
      <Filter>Header Files</Filter>
    </ClInclude>
    <ClInclude Include="incl\extensions\CocoStudio\GUI\System\UITouchGroup.h">
      <Filter>Header Files</Filter>
    </ClInclude>
    <ClInclude Include="incl\extensions\CocoStudio\GUI\UIWidgets\Compatible\CompatibleClasses.h">
      <Filter>Header Files</Filter>
    </ClInclude>
    <ClInclude Include="incl\extensions\CocoStudio\GUI\UIWidgets\ScrollWidget\UIListView.h">
      <Filter>Header Files</Filter>
    </ClInclude>
    <ClInclude Include="incl\extensions\CocoStudio\GUI\UIWidgets\ScrollWidget\UIPageView.h">
      <Filter>Header Files</Filter>
    </ClInclude>
    <ClInclude Include="incl\extensions\CocoStudio\GUI\UIWidgets\ScrollWidget\UIScrollInterface.h">
      <Filter>Header Files</Filter>
    </ClInclude>
    <ClInclude Include="incl\extensions\CocoStudio\GUI\UIWidgets\ScrollWidget\UIScrollView.h">
      <Filter>Header Files</Filter>
    </ClInclude>
    <ClInclude Include="incl\extensions\CocoStudio\GUI\UIWidgets\UIButton.h">
      <Filter>Header Files</Filter>
    </ClInclude>
    <ClInclude Include="incl\extensions\CocoStudio\GUI\UIWidgets\UICheckBox.h">
      <Filter>Header Files</Filter>
    </ClInclude>
    <ClInclude Include="incl\extensions\CocoStudio\GUI\UIWidgets\UIImageView.h">
      <Filter>Header Files</Filter>
    </ClInclude>
    <ClInclude Include="incl\extensions\CocoStudio\GUI\UIWidgets\UILabel.h">
      <Filter>Header Files</Filter>
    </ClInclude>
    <ClInclude Include="incl\extensions\CocoStudio\GUI\UIWidgets\UILabelAtlas.h">
      <Filter>Header Files</Filter>
    </ClInclude>
    <ClInclude Include="incl\extensions\CocoStudio\GUI\UIWidgets\UILabelBMFont.h">
      <Filter>Header Files</Filter>
    </ClInclude>
    <ClInclude Include="incl\extensions\CocoStudio\GUI\UIWidgets\UILoadingBar.h">
      <Filter>Header Files</Filter>
    </ClInclude>
    <ClInclude Include="incl\extensions\CocoStudio\GUI\UIWidgets\UIRichText.h">
      <Filter>Header Files</Filter>
    </ClInclude>
    <ClInclude Include="incl\extensions\CocoStudio\GUI\UIWidgets\UISlider.h">
      <Filter>Header Files</Filter>
    </ClInclude>
    <ClInclude Include="incl\extensions\CocoStudio\GUI\UIWidgets\UITextField.h">
      <Filter>Header Files</Filter>
    </ClInclude>
    <ClInclude Include="incl\extensions\CocoStudio\Json\rapidjson\internal\pow10.h">
      <Filter>Header Files</Filter>
    </ClInclude>
    <ClInclude Include="incl\extensions\CocoStudio\Json\rapidjson\internal\stack.h">
      <Filter>Header Files</Filter>
    </ClInclude>
    <ClInclude Include="incl\extensions\CocoStudio\Json\rapidjson\internal\strfunc.h">
      <Filter>Header Files</Filter>
    </ClInclude>
    <ClInclude Include="incl\extensions\CocoStudio\Json\rapidjson\document.h">
      <Filter>Header Files</Filter>
    </ClInclude>
    <ClInclude Include="incl\extensions\CocoStudio\Json\rapidjson\filestream.h">
      <Filter>Header Files</Filter>
    </ClInclude>
    <ClInclude Include="incl\extensions\CocoStudio\Json\rapidjson\prettywriter.h">
      <Filter>Header Files</Filter>
    </ClInclude>
    <ClInclude Include="incl\extensions\CocoStudio\Json\rapidjson\rapidjson.h">
      <Filter>Header Files</Filter>
    </ClInclude>
    <ClInclude Include="incl\extensions\CocoStudio\Json\rapidjson\reader.h">
      <Filter>Header Files</Filter>
    </ClInclude>
    <ClInclude Include="incl\extensions\CocoStudio\Json\rapidjson\stringbuffer.h">
      <Filter>Header Files</Filter>
    </ClInclude>
    <ClInclude Include="incl\extensions\CocoStudio\Json\rapidjson\writer.h">
      <Filter>Header Files</Filter>
    </ClInclude>
    <ClInclude Include="incl\extensions\CocoStudio\Json\DictionaryHelper.h">
      <Filter>Header Files</Filter>
    </ClInclude>
    <ClInclude Include="incl\extensions\CocoStudio\Reader\WidgetReader\ButtonReader\ButtonReader.h">
      <Filter>Header Files</Filter>
    </ClInclude>
    <ClInclude Include="incl\extensions\CocoStudio\Reader\WidgetReader\CheckBoxReader\CheckBoxReader.h">
      <Filter>Header Files</Filter>
    </ClInclude>
    <ClInclude Include="incl\extensions\CocoStudio\Reader\WidgetReader\ImageViewReader\ImageViewReader.h">
      <Filter>Header Files</Filter>
    </ClInclude>
    <ClInclude Include="incl\extensions\CocoStudio\Reader\WidgetReader\LabelAtlasReader\LabelAtlasReader.h">
      <Filter>Header Files</Filter>
    </ClInclude>
    <ClInclude Include="incl\extensions\CocoStudio\Reader\WidgetReader\LabelBMFontReader\LabelBMFontReader.h">
      <Filter>Header Files</Filter>
    </ClInclude>
    <ClInclude Include="incl\extensions\CocoStudio\Reader\WidgetReader\LabelReader\LabelReader.h">
      <Filter>Header Files</Filter>
    </ClInclude>
    <ClInclude Include="incl\extensions\CocoStudio\Reader\WidgetReader\LayoutReader\LayoutReader.h">
      <Filter>Header Files</Filter>
    </ClInclude>
    <ClInclude Include="incl\extensions\CocoStudio\Reader\WidgetReader\ListViewReader\ListViewReader.h">
      <Filter>Header Files</Filter>
    </ClInclude>
    <ClInclude Include="incl\extensions\CocoStudio\Reader\WidgetReader\LoadingBarReader\LoadingBarReader.h">
      <Filter>Header Files</Filter>
    </ClInclude>
    <ClInclude Include="incl\extensions\CocoStudio\Reader\WidgetReader\PageViewReader\PageViewReader.h">
      <Filter>Header Files</Filter>
    </ClInclude>
    <ClInclude Include="incl\extensions\CocoStudio\Reader\WidgetReader\ScrollViewReader\ScrollViewReader.h">
      <Filter>Header Files</Filter>
    </ClInclude>
    <ClInclude Include="incl\extensions\CocoStudio\Reader\WidgetReader\SliderReader\SliderReader.h">
      <Filter>Header Files</Filter>
    </ClInclude>
    <ClInclude Include="incl\extensions\CocoStudio\Reader\WidgetReader\TextFieldReader\TextFieldReader.h">
      <Filter>Header Files</Filter>
    </ClInclude>
    <ClInclude Include="incl\extensions\CocoStudio\Reader\WidgetReader\WidgetReader.h">
      <Filter>Header Files</Filter>
    </ClInclude>
    <ClInclude Include="incl\extensions\CocoStudio\Reader\WidgetReader\WidgetReaderProtocol.h">
      <Filter>Header Files</Filter>
    </ClInclude>
    <ClInclude Include="incl\extensions\CocoStudio\Reader\GUIReader.h">
      <Filter>Header Files</Filter>
    </ClInclude>
    <ClInclude Include="incl\extensions\CocoStudio\Reader\SceneReader.h">
      <Filter>Header Files</Filter>
    </ClInclude>
    <ClInclude Include="incl\extensions\CocoStudio\Trigger\ObjectFactory.h">
      <Filter>Header Files</Filter>
    </ClInclude>
    <ClInclude Include="incl\extensions\CocoStudio\Trigger\TriggerBase.h">
      <Filter>Header Files</Filter>
    </ClInclude>
    <ClInclude Include="incl\extensions\CocoStudio\Trigger\TriggerMng.h">
      <Filter>Header Files</Filter>
    </ClInclude>
    <ClInclude Include="incl\extensions\CocoStudio\Trigger\TriggerObj.h">
      <Filter>Header Files</Filter>
    </ClInclude>
    <ClInclude Include="incl\extensions\GUI\CCControlExtension\CCControl.h">
      <Filter>Header Files</Filter>
    </ClInclude>
    <ClInclude Include="incl\extensions\GUI\CCControlExtension\CCControlButton.h">
      <Filter>Header Files</Filter>
    </ClInclude>
    <ClInclude Include="incl\extensions\GUI\CCControlExtension\CCControlColourPicker.h">
      <Filter>Header Files</Filter>
    </ClInclude>
    <ClInclude Include="incl\extensions\GUI\CCControlExtension\CCControlExtensions.h">
      <Filter>Header Files</Filter>
    </ClInclude>
    <ClInclude Include="incl\extensions\GUI\CCControlExtension\CCControlHuePicker.h">
      <Filter>Header Files</Filter>
    </ClInclude>
    <ClInclude Include="incl\extensions\GUI\CCControlExtension\CCControlPotentiometer.h">
      <Filter>Header Files</Filter>
    </ClInclude>
    <ClInclude Include="incl\extensions\GUI\CCControlExtension\CCControlSaturationBrightnessPicker.h">
      <Filter>Header Files</Filter>
    </ClInclude>
    <ClInclude Include="incl\extensions\GUI\CCControlExtension\CCControlSlider.h">
      <Filter>Header Files</Filter>
    </ClInclude>
    <ClInclude Include="incl\extensions\GUI\CCControlExtension\CCControlStepper.h">
      <Filter>Header Files</Filter>
    </ClInclude>
    <ClInclude Include="incl\extensions\GUI\CCControlExtension\CCControlSwitch.h">
      <Filter>Header Files</Filter>
    </ClInclude>
    <ClInclude Include="incl\extensions\GUI\CCControlExtension\CCControlUtils.h">
      <Filter>Header Files</Filter>
    </ClInclude>
    <ClInclude Include="incl\extensions\GUI\CCControlExtension\CCInvocation.h">
      <Filter>Header Files</Filter>
    </ClInclude>
    <ClInclude Include="incl\extensions\GUI\CCControlExtension\CCScale9Sprite.h">
      <Filter>Header Files</Filter>
    </ClInclude>
    <ClInclude Include="incl\extensions\GUI\CCEditBox\CCEditBox.h">
      <Filter>Header Files</Filter>
    </ClInclude>
    <ClInclude Include="incl\extensions\GUI\CCEditBox\CCEditBoxImpl.h">
      <Filter>Header Files</Filter>
    </ClInclude>
    <ClInclude Include="incl\extensions\GUI\CCEditBox\CCEditBoxImplAndroid.h">
      <Filter>Header Files</Filter>
    </ClInclude>
    <ClInclude Include="incl\extensions\GUI\CCEditBox\CCEditBoxImplIOS.h">
      <Filter>Header Files</Filter>
    </ClInclude>
    <ClInclude Include="incl\extensions\GUI\CCEditBox\CCEditBoxImplMac.h">
      <Filter>Header Files</Filter>
    </ClInclude>
    <ClInclude Include="incl\extensions\GUI\CCEditBox\CCEditBoxImplTizen.h">
      <Filter>Header Files</Filter>
    </ClInclude>
    <ClInclude Include="incl\extensions\GUI\CCEditBox\CCEditBoxImplWin.h">
      <Filter>Header Files</Filter>
    </ClInclude>
    <ClInclude Include="incl\extensions\GUI\CCEditBox\CCEditBoxImplWp8.h">
      <Filter>Header Files</Filter>
    </ClInclude>
    <ClInclude Include="incl\extensions\GUI\CCScrollView\CCScrollView.h">
      <Filter>Header Files</Filter>
    </ClInclude>
    <ClInclude Include="incl\extensions\GUI\CCScrollView\CCSorting.h">
      <Filter>Header Files</Filter>
    </ClInclude>
    <ClInclude Include="incl\extensions\GUI\CCScrollView\CCTableView.h">
      <Filter>Header Files</Filter>
    </ClInclude>
    <ClInclude Include="incl\extensions\GUI\CCScrollView\CCTableViewCell.h">
      <Filter>Header Files</Filter>
    </ClInclude>
    <ClInclude Include="incl\extensions\LocalStorage\LocalStorage.h">
      <Filter>Header Files</Filter>
    </ClInclude>
    <ClInclude Include="incl\extensions\network\HttpClient.h">
      <Filter>Header Files</Filter>
    </ClInclude>
    <ClInclude Include="incl\extensions\network\HttpRequest.h">
      <Filter>Header Files</Filter>
    </ClInclude>
    <ClInclude Include="incl\extensions\network\HttpResponse.h">
      <Filter>Header Files</Filter>
    </ClInclude>
    <ClInclude Include="incl\extensions\network\WebSocket.h">
      <Filter>Header Files</Filter>
    </ClInclude>
    <ClInclude Include="incl\extensions\physics_nodes\CCPhysicsDebugNode.h">
      <Filter>Header Files</Filter>
    </ClInclude>
    <ClInclude Include="incl\extensions\physics_nodes\CCPhysicsSprite.h">
      <Filter>Header Files</Filter>
    </ClInclude>
    <ClInclude Include="incl\extensions\spine\Animation.h">
      <Filter>Header Files</Filter>
    </ClInclude>
    <ClInclude Include="incl\extensions\spine\AnimationState.h">
      <Filter>Header Files</Filter>
    </ClInclude>
    <ClInclude Include="incl\extensions\spine\AnimationStateData.h">
      <Filter>Header Files</Filter>
    </ClInclude>
    <ClInclude Include="incl\extensions\spine\Atlas.h">
      <Filter>Header Files</Filter>
    </ClInclude>
    <ClInclude Include="incl\extensions\spine\AtlasAttachmentLoader.h">
      <Filter>Header Files</Filter>
    </ClInclude>
    <ClInclude Include="incl\extensions\spine\Attachment.h">
      <Filter>Header Files</Filter>
    </ClInclude>
    <ClInclude Include="incl\extensions\spine\AttachmentLoader.h">
      <Filter>Header Files</Filter>
    </ClInclude>
    <ClInclude Include="incl\extensions\spine\Bone.h">
      <Filter>Header Files</Filter>
    </ClInclude>
    <ClInclude Include="incl\extensions\spine\BoneData.h">
      <Filter>Header Files</Filter>
    </ClInclude>
    <ClInclude Include="incl\extensions\spine\CCSkeleton.h">
      <Filter>Header Files</Filter>
    </ClInclude>
    <ClInclude Include="incl\extensions\spine\CCSkeletonAnimation.h">
      <Filter>Header Files</Filter>
    </ClInclude>
    <ClInclude Include="incl\extensions\spine\extension.h">
      <Filter>Header Files</Filter>
    </ClInclude>
    <ClInclude Include="incl\extensions\spine\Json.h">
      <Filter>Header Files</Filter>
    </ClInclude>
    <ClInclude Include="incl\extensions\spine\RegionAttachment.h">
      <Filter>Header Files</Filter>
    </ClInclude>
    <ClInclude Include="incl\extensions\spine\Skeleton.h">
      <Filter>Header Files</Filter>
    </ClInclude>
    <ClInclude Include="incl\extensions\spine\SkeletonData.h">
      <Filter>Header Files</Filter>
    </ClInclude>
    <ClInclude Include="incl\extensions\spine\SkeletonJson.h">
      <Filter>Header Files</Filter>
    </ClInclude>
    <ClInclude Include="incl\extensions\spine\Skin.h">
      <Filter>Header Files</Filter>
    </ClInclude>
    <ClInclude Include="incl\extensions\spine\Slot.h">
      <Filter>Header Files</Filter>
    </ClInclude>
    <ClInclude Include="incl\extensions\spine\SlotData.h">
      <Filter>Header Files</Filter>
    </ClInclude>
    <ClInclude Include="incl\extensions\spine\spine.h">
      <Filter>Header Files</Filter>
    </ClInclude>
    <ClInclude Include="incl\extensions\spine\spine-cocos2dx.h">
      <Filter>Header Files</Filter>
    </ClInclude>
    <ClInclude Include="incl\extensions\cocos-ext.h">
      <Filter>Header Files</Filter>
    </ClInclude>
    <ClInclude Include="incl\extensions\ExtensionMacros.h">
      <Filter>Header Files</Filter>
    </ClInclude>
    <ClInclude Include="lib\gd\MenuLayer.h">
      <Filter>Header Files</Filter>
    </ClInclude>
    <ClInclude Include="lib\process.h">
      <Filter>Header Files</Filter>
    </ClInclude>
    <ClInclude Include="incl\cappuccino-sdk\cocos2dx\ccConfig.h">
      <Filter>Header Files</Filter>
    </ClInclude>
    <ClInclude Include="incl\cappuccino-sdk\cocos2dx\CCEventType.h">
      <Filter>Header Files</Filter>
    </ClInclude>
    <ClInclude Include="incl\cappuccino-sdk\cocos2dx\ccMacros.h">
      <Filter>Header Files</Filter>
    </ClInclude>
    <ClInclude Include="incl\cappuccino-sdk\cocos2dx\CCProtocols.h">
      <Filter>Header Files</Filter>
    </ClInclude>
    <ClInclude Include="incl\cappuccino-sdk\cocos2dx\ccTypeInfo.h">
      <Filter>Header Files</Filter>
    </ClInclude>
    <ClInclude Include="incl\cappuccino-sdk\cocos2dx\ccTypes.h">
      <Filter>Header Files</Filter>
    </ClInclude>
    <ClInclude Include="incl\cappuccino-sdk\cocos2dx\cocos2d.h">
      <Filter>Header Files</Filter>
    </ClInclude>
    <ClInclude Include="incl\cappuccino-sdk\cocos2dx\kazmath\src\keypad_dispatcher\CCKeypadDelegate.h">
      <Filter>Header Files</Filter>
    </ClInclude>
    <ClInclude Include="incl\cappuccino-sdk\cocos2dx\kazmath\src\keypad_dispatcher\CCKeypadDispatcher.h">
      <Filter>Header Files</Filter>
    </ClInclude>
    <ClInclude Include="lib\gd\FLAlertLayer.h">
      <Filter>Header Files</Filter>
    </ClInclude>
    <ClInclude Include="addresses.h">
      <Filter>Header Files</Filter>
    </ClInclude>
    <ClInclude Include="modules\Directory.h">
      <Filter>Header Files</Filter>
    </ClInclude>
    <ClInclude Include="lib\tinydir.h">
      <Filter>Header Files</Filter>
    </ClInclude>
    <ClInclude Include="lib\core\cocos\ModsButton.h">
      <Filter>Header Files</Filter>
    </ClInclude>
  </ItemGroup>
  <ItemGroup>
    <ClCompile Include="dllmain.cpp">
      <Filter>Source Files</Filter>
    </ClCompile>
    <ClCompile Include="lib\gd\MenuLayer.cpp">
      <Filter>Source Files</Filter>
    </ClCompile>
    <ClCompile Include="lib\process.cpp">
      <Filter>Source Files</Filter>
    </ClCompile>
    <ClCompile Include="modules\Directory.cpp">
      <Filter>Source Files</Filter>
    </ClCompile>
    <ClCompile Include="lib\core\cocos\ModsButton.cpp">
      <Filter>Source Files</Filter>
    </ClCompile>
  </ItemGroup>
  <ItemGroup>
    <None Include=".gitignore" />
    <None Include="README.md" />
  </ItemGroup>
</Project>